
Microsoft Visual Studio Solution File, Format Version 12.00
# Visual Studio Version 17
VisualStudioVersion = 17.4.33213.308
MinimumVisualStudioVersion = 10.0.40219.1
Project("{FAE04EC0-301F-11D3-BF4B-00C04F79EFBC}") = "GitTest", "GitTest\GitTest.csproj", "{E45406D2-E765-45F8-9F22-5F8F5492EC46}"
EndProject
Global
	GlobalSection(SolutionConfigurationPlatforms) = preSolution
		Debug|Any CPU = Debug|Any CPU
		Release|Any CPU = Release|Any CPU
	EndGlobalSection
	GlobalSection(ProjectConfigurationPlatforms) = postSolution
		{E45406D2-E765-45F8-9F22-5F8F5492EC46}.Debug|Any CPU.ActiveCfg = Debug|Any CPU
		{E45406D2-E765-45F8-9F22-5F8F5492EC46}.Debug|Any CPU.Build.0 = Debug|Any CPU
		{E45406D2-E765-45F8-9F22-5F8F5492EC46}.Release|Any CPU.ActiveCfg = Release|Any CPU
		{E45406D2-E765-45F8-9F22-5F8F5492EC46}.Release|Any CPU.Build.0 = Release|Any CPU
	EndGlobalSection
	GlobalSection(SolutionProperties) = preSolution
		HideSolutionNode = FALSE
	EndGlobalSection
	GlobalSection(ExtensibilityGlobals) = postSolution
		SolutionGuid = {3A2642B2-DFCF-4539-A4CB-5786CFB33E15}
	EndGlobalSection
EndGlobal
